{
  "name": "gadgeteria",
  "version": "1.0.0",
  "lockfileVersion": 2,
  "requires": true,
  "packages": {
    "": {
      "name": "gadgeteria",
      "version": "1.0.0",
      "devDependencies": {
        "jest": "^29.6.4",
        "supertest": "^6.3.4"
      }
    },
    "node_modules/jest": {
      "version": "29.6.4",
      "resolved": "https://registry.npmjs.org/jest/-/jest-29.6.4.tgz",
      "integrity": "",
      "dev": true
    },
    "node_modules/supertest": {
      "version": "6.3.4",
      "resolved": "https://registry.npmjs.org/supertest/-/supertest-6.3.4.tgz",
      "integrity": "",
      "dev": true
    }
  },
  "dependencies": {
    "jest": {
      "version": "29.6.4",
      "resolved": "https://registry.npmjs.org/jest/-/jest-29.6.4.tgz",
      "integrity": "",
      "dev": true
    },
    "supertest": {
      "version": "6.3.4",
      "resolved": "https://registry.npmjs.org/supertest/-/supertest-6.3.4.tgz",
      "integrity": "",
      "dev": true
    }
  }
}
